
Microsoft Visual Studio Solution File, Format Version 12.00
# Visual Studio 15
VisualStudioVersion = 15.0.26730.10
MinimumVisualStudioVersion = 10.0.40219.1

Project("{D954291E-2A0B-460D-934E-DC6B0785DB48}") = "MooV", "MooV\MooV\MooV.shproj", "{2C29F680-5411-41BB-8437-D166E0D0276F}"
EndProject





Project("{FAE04EC0-301F-11D3-BF4B-00C04F79EFBC}") = "MooV.UWP", "MooV\MooV.UWP\MooV.UWP.csproj", "{1B78E3FD-D6D5-4EE7-9356-F44B56987D8E}"
EndProject

Global
	GlobalSection(SolutionConfigurationPlatforms) = preSolution
		Ad-Hoc|Any CPU = Ad-Hoc|Any CPU
		Ad-Hoc|ARM = Ad-Hoc|ARM
		Ad-Hoc|iPhone = Ad-Hoc|iPhone
		Ad-Hoc|iPhoneSimulator = Ad-Hoc|iPhoneSimulator
		Ad-Hoc|x64 = Ad-Hoc|x64
		Ad-Hoc|x86 = Ad-Hoc|x86
		AppStore|Any CPU = AppStore|Any CPU
		AppStore|ARM = AppStore|ARM
		AppStore|iPhone = AppStore|iPhone
		AppStore|iPhoneSimulator = AppStore|iPhoneSimulator
		AppStore|x64 = AppStore|x64
		AppStore|x86 = AppStore|x86
		Debug|Any CPU = Debug|Any CPU
		Debug|ARM = Debug|ARM
		Debug|iPhone = Debug|iPhone
		Debug|iPhoneSimulator = Debug|iPhoneSimulator
		Debug|x64 = Debug|x64
		Debug|x86 = Debug|x86
		Release|Any CPU = Release|Any CPU
		Release|ARM = Release|ARM
		Release|iPhone = Release|iPhone
		Release|iPhoneSimulator = Release|iPhoneSimulator
		Release|x64 = Release|x64
		Release|x86 = Release|x86
	EndGlobalSection
	GlobalSection(ProjectConfigurationPlatforms) = postSolution
		{DB23E2F1-BC65-4B46-92E1-AA011FD61197}.Ad-Hoc|Any CPU.ActiveCfg = Debug|Any CPU
		{DB23E2F1-BC65-4B46-92E1-AA011FD61197}.Ad-Hoc|Any CPU.Build.0 = Debug|Any CPU
		{DB23E2F1-BC65-4B46-92E1-AA011FD61197}.Ad-Hoc|ARM.ActiveCfg = Debug|Any CPU
		{DB23E2F1-BC65-4B46-92E1-AA011FD61197}.Ad-Hoc|ARM.Build.0 = Debug|Any CPU
		{DB23E2F1-BC65-4B46-92E1-AA011FD61197}.Ad-Hoc|iPhone.ActiveCfg = Debug|Any CPU
		{DB23E2F1-BC65-4B46-92E1-AA011FD61197}.Ad-Hoc|iPhone.Build.0 = Debug|Any CPU
		{DB23E2F1-BC65-4B46-92E1-AA011FD61197}.Ad-Hoc|iPhoneSimulator.ActiveCfg = Debug|Any CPU
		{DB23E2F1-BC65-4B46-92E1-AA011FD61197}.Ad-Hoc|iPhoneSimulator.Build.0 = Debug|Any CPU
		{DB23E2F1-BC65-4B46-92E1-AA011FD61197}.Ad-Hoc|x64.ActiveCfg = Debug|Any CPU
		{DB23E2F1-BC65-4B46-92E1-AA011FD61197}.Ad-Hoc|x64.Build.0 = Debug|Any CPU
		{DB23E2F1-BC65-4B46-92E1-AA011FD61197}.Ad-Hoc|x86.ActiveCfg = Debug|Any CPU
		{DB23E2F1-BC65-4B46-92E1-AA011FD61197}.Ad-Hoc|x86.Build.0 = Debug|Any CPU
		{DB23E2F1-BC65-4B46-92E1-AA011FD61197}.AppStore|Any CPU.ActiveCfg = Debug|Any CPU
		{DB23E2F1-BC65-4B46-92E1-AA011FD61197}.AppStore|Any CPU.Build.0 = Debug|Any CPU
		{DB23E2F1-BC65-4B46-92E1-AA011FD61197}.AppStore|ARM.ActiveCfg = Debug|Any CPU
		{DB23E2F1-BC65-4B46-92E1-AA011FD61197}.AppStore|ARM.Build.0 = Debug|Any CPU
		{DB23E2F1-BC65-4B46-92E1-AA011FD61197}.AppStore|iPhone.ActiveCfg = Debug|Any CPU
		{DB23E2F1-BC65-4B46-92E1-AA011FD61197}.AppStore|iPhone.Build.0 = Debug|Any CPU
		{DB23E2F1-BC65-4B46-92E1-AA011FD61197}.AppStore|iPhoneSimulator.ActiveCfg = Debug|Any CPU
		{DB23E2F1-BC65-4B46-92E1-AA011FD61197}.AppStore|iPhoneSimulator.Build.0 = Debug|Any CPU
		{DB23E2F1-BC65-4B46-92E1-AA011FD61197}.AppStore|x64.ActiveCfg = Debug|Any CPU
		{DB23E2F1-BC65-4B46-92E1-AA011FD61197}.AppStore|x64.Build.0 = Debug|Any CPU
		{DB23E2F1-BC65-4B46-92E1-AA011FD61197}.AppStore|x86.ActiveCfg = Debug|Any CPU
		{DB23E2F1-BC65-4B46-92E1-AA011FD61197}.AppStore|x86.Build.0 = Debug|Any CPU
		{DB23E2F1-BC65-4B46-92E1-AA011FD61197}.Debug|Any CPU.ActiveCfg = Debug|Any CPU
		{DB23E2F1-BC65-4B46-92E1-AA011FD61197}.Debug|Any CPU.Build.0 = Debug|Any CPU
		{DB23E2F1-BC65-4B46-92E1-AA011FD61197}.Debug|ARM.ActiveCfg = Debug|Any CPU
		{DB23E2F1-BC65-4B46-92E1-AA011FD61197}.Debug|ARM.Build.0 = Debug|Any CPU
		{DB23E2F1-BC65-4B46-92E1-AA011FD61197}.Debug|iPhone.ActiveCfg = Debug|Any CPU
		{DB23E2F1-BC65-4B46-92E1-AA011FD61197}.Debug|iPhone.Build.0 = Debug|Any CPU
		{DB23E2F1-BC65-4B46-92E1-AA011FD61197}.Debug|iPhoneSimulator.ActiveCfg = Debug|Any CPU
		{DB23E2F1-BC65-4B46-92E1-AA011FD61197}.Debug|iPhoneSimulator.Build.0 = Debug|Any CPU
		{DB23E2F1-BC65-4B46-92E1-AA011FD61197}.Debug|x64.ActiveCfg = Debug|Any CPU
		{DB23E2F1-BC65-4B46-92E1-AA011FD61197}.Debug|x64.Build.0 = Debug|Any CPU
		{DB23E2F1-BC65-4B46-92E1-AA011FD61197}.Debug|x86.ActiveCfg = Debug|Any CPU
		{DB23E2F1-BC65-4B46-92E1-AA011FD61197}.Debug|x86.Build.0 = Debug|Any CPU
		{DB23E2F1-BC65-4B46-92E1-AA011FD61197}.Release|Any CPU.ActiveCfg = Release|Any CPU
		{DB23E2F1-BC65-4B46-92E1-AA011FD61197}.Release|Any CPU.Build.0 = Release|Any CPU
		{DB23E2F1-BC65-4B46-92E1-AA011FD61197}.Release|ARM.ActiveCfg = Release|Any CPU
		{DB23E2F1-BC65-4B46-92E1-AA011FD61197}.Release|ARM.Build.0 = Release|Any CPU
		{DB23E2F1-BC65-4B46-92E1-AA011FD61197}.Release|iPhone.ActiveCfg = Release|Any CPU
		{DB23E2F1-BC65-4B46-92E1-AA011FD61197}.Release|iPhone.Build.0 = Release|Any CPU
		{DB23E2F1-BC65-4B46-92E1-AA011FD61197}.Release|iPhoneSimulator.ActiveCfg = Release|Any CPU
		{DB23E2F1-BC65-4B46-92E1-AA011FD61197}.Release|iPhoneSimulator.Build.0 = Release|Any CPU
		{DB23E2F1-BC65-4B46-92E1-AA011FD61197}.Release|x64.ActiveCfg = Release|Any CPU
		{DB23E2F1-BC65-4B46-92E1-AA011FD61197}.Release|x64.Build.0 = Release|Any CPU
		{DB23E2F1-BC65-4B46-92E1-AA011FD61197}.Release|x86.ActiveCfg = Release|Any CPU
		{DB23E2F1-BC65-4B46-92E1-AA011FD61197}.Release|x86.Build.0 = Release|Any CPU
		{3F13F88D-50AF-448C-9EC1-EF2F1FB89CE9}.Ad-Hoc|Any CPU.ActiveCfg = Ad-Hoc|iPhone
		{3F13F88D-50AF-448C-9EC1-EF2F1FB89CE9}.Ad-Hoc|ARM.ActiveCfg = Ad-Hoc|iPhone
		{3F13F88D-50AF-448C-9EC1-EF2F1FB89CE9}.Ad-Hoc|iPhone.ActiveCfg = Ad-Hoc|iPhone
		{3F13F88D-50AF-448C-9EC1-EF2F1FB89CE9}.Ad-Hoc|iPhone.Build.0 = Ad-Hoc|iPhone
		{3F13F88D-50AF-448C-9EC1-EF2F1FB89CE9}.Ad-Hoc|iPhoneSimulator.ActiveCfg = Ad-Hoc|iPhoneSimulator
		{3F13F88D-50AF-448C-9EC1-EF2F1FB89CE9}.Ad-Hoc|iPhoneSimulator.Build.0 = Ad-Hoc|iPhoneSimulator
		{3F13F88D-50AF-448C-9EC1-EF2F1FB89CE9}.Ad-Hoc|x64.ActiveCfg = Ad-Hoc|iPhone
		{3F13F88D-50AF-448C-9EC1-EF2F1FB89CE9}.Ad-Hoc|x86.ActiveCfg = Ad-Hoc|iPhone
		{3F13F88D-50AF-448C-9EC1-EF2F1FB89CE9}.AppStore|Any CPU.ActiveCfg = AppStore|iPhone
		{3F13F88D-50AF-448C-9EC1-EF2F1FB89CE9}.AppStore|ARM.ActiveCfg = AppStore|iPhone
		{3F13F88D-50AF-448C-9EC1-EF2F1FB89CE9}.AppStore|iPhone.ActiveCfg = AppStore|iPhone
		{3F13F88D-50AF-448C-9EC1-EF2F1FB89CE9}.AppStore|iPhone.Build.0 = AppStore|iPhone
		{3F13F88D-50AF-448C-9EC1-EF2F1FB89CE9}.AppStore|iPhoneSimulator.ActiveCfg = AppStore|iPhoneSimulator
		{3F13F88D-50AF-448C-9EC1-EF2F1FB89CE9}.AppStore|iPhoneSimulator.Build.0 = AppStore|iPhoneSimulator
		{3F13F88D-50AF-448C-9EC1-EF2F1FB89CE9}.AppStore|x64.ActiveCfg = AppStore|iPhone
		{3F13F88D-50AF-448C-9EC1-EF2F1FB89CE9}.AppStore|x86.ActiveCfg = AppStore|iPhone
		{3F13F88D-50AF-448C-9EC1-EF2F1FB89CE9}.Debug|Any CPU.ActiveCfg = Debug|iPhone
		{3F13F88D-50AF-448C-9EC1-EF2F1FB89CE9}.Debug|ARM.ActiveCfg = Debug|iPhone
		{3F13F88D-50AF-448C-9EC1-EF2F1FB89CE9}.Debug|iPhone.ActiveCfg = Debug|iPhone
		{3F13F88D-50AF-448C-9EC1-EF2F1FB89CE9}.Debug|iPhone.Build.0 = Debug|iPhone
		{3F13F88D-50AF-448C-9EC1-EF2F1FB89CE9}.Debug|iPhoneSimulator.ActiveCfg = Debug|iPhoneSimulator
		{3F13F88D-50AF-448C-9EC1-EF2F1FB89CE9}.Debug|iPhoneSimulator.Build.0 = Debug|iPhoneSimulator
		{3F13F88D-50AF-448C-9EC1-EF2F1FB89CE9}.Debug|x64.ActiveCfg = Debug|iPhone
		{3F13F88D-50AF-448C-9EC1-EF2F1FB89CE9}.Debug|x86.ActiveCfg = Debug|iPhone
		{3F13F88D-50AF-448C-9EC1-EF2F1FB89CE9}.Release|Any CPU.ActiveCfg = Release|iPhone
		{3F13F88D-50AF-448C-9EC1-EF2F1FB89CE9}.Release|ARM.ActiveCfg = Release|iPhone
		{3F13F88D-50AF-448C-9EC1-EF2F1FB89CE9}.Release|iPhone.ActiveCfg = Release|iPhone
		{3F13F88D-50AF-448C-9EC1-EF2F1FB89CE9}.Release|iPhone.Build.0 = Release|iPhone
		{3F13F88D-50AF-448C-9EC1-EF2F1FB89CE9}.Release|iPhoneSimulator.ActiveCfg = Release|iPhoneSimulator
		{3F13F88D-50AF-448C-9EC1-EF2F1FB89CE9}.Release|iPhoneSimulator.Build.0 = Release|iPhoneSimulator
		{3F13F88D-50AF-448C-9EC1-EF2F1FB89CE9}.Release|x64.ActiveCfg = Release|iPhone
		{3F13F88D-50AF-448C-9EC1-EF2F1FB89CE9}.Release|x86.ActiveCfg = Release|iPhone
		{1B78E3FD-D6D5-4EE7-9356-F44B56987D8E}.Ad-Hoc|Any CPU.ActiveCfg = Release|x86
		{1B78E3FD-D6D5-4EE7-9356-F44B56987D8E}.Ad-Hoc|Any CPU.Build.0 = Release|x86
		{1B78E3FD-D6D5-4EE7-9356-F44B56987D8E}.Ad-Hoc|Any CPU.Deploy.0 = Release|x86
		{1B78E3FD-D6D5-4EE7-9356-F44B56987D8E}.Ad-Hoc|ARM.ActiveCfg = Release|ARM
		{1B78E3FD-D6D5-4EE7-9356-F44B56987D8E}.Ad-Hoc|ARM.Build.0 = Release|ARM
		{1B78E3FD-D6D5-4EE7-9356-F44B56987D8E}.Ad-Hoc|ARM.Deploy.0 = Release|ARM
		{1B78E3FD-D6D5-4EE7-9356-F44B56987D8E}.Ad-Hoc|iPhone.ActiveCfg = Release|x86
		{1B78E3FD-D6D5-4EE7-9356-F44B56987D8E}.Ad-Hoc|iPhone.Build.0 = Release|x86
		{1B78E3FD-D6D5-4EE7-9356-F44B56987D8E}.Ad-Hoc|iPhone.Deploy.0 = Release|x86
		{1B78E3FD-D6D5-4EE7-9356-F44B56987D8E}.Ad-Hoc|iPhoneSimulator.ActiveCfg = Release|x86
		{1B78E3FD-D6D5-4EE7-9356-F44B56987D8E}.Ad-Hoc|iPhoneSimulator.Build.0 = Release|x86
		{1B78E3FD-D6D5-4EE7-9356-F44B56987D8E}.Ad-Hoc|iPhoneSimulator.Deploy.0 = Release|x86
		{1B78E3FD-D6D5-4EE7-9356-F44B56987D8E}.Ad-Hoc|x64.ActiveCfg = Release|x64
		{1B78E3FD-D6D5-4EE7-9356-F44B56987D8E}.Ad-Hoc|x64.Build.0 = Release|x64
		{1B78E3FD-D6D5-4EE7-9356-F44B56987D8E}.Ad-Hoc|x64.Deploy.0 = Release|x64
		{1B78E3FD-D6D5-4EE7-9356-F44B56987D8E}.Ad-Hoc|x86.ActiveCfg = Release|x86
		{1B78E3FD-D6D5-4EE7-9356-F44B56987D8E}.Ad-Hoc|x86.Build.0 = Release|x86
		{1B78E3FD-D6D5-4EE7-9356-F44B56987D8E}.Ad-Hoc|x86.Deploy.0 = Release|x86
		{1B78E3FD-D6D5-4EE7-9356-F44B56987D8E}.AppStore|Any CPU.ActiveCfg = Release|x86
		{1B78E3FD-D6D5-4EE7-9356-F44B56987D8E}.AppStore|Any CPU.Build.0 = Release|x86
		{1B78E3FD-D6D5-4EE7-9356-F44B56987D8E}.AppStore|Any CPU.Deploy.0 = Release|x86
		{1B78E3FD-D6D5-4EE7-9356-F44B56987D8E}.AppStore|ARM.ActiveCfg = Release|ARM
		{1B78E3FD-D6D5-4EE7-9356-F44B56987D8E}.AppStore|ARM.Build.0 = Release|ARM
		{1B78E3FD-D6D5-4EE7-9356-F44B56987D8E}.AppStore|ARM.Deploy.0 = Release|ARM
		{1B78E3FD-D6D5-4EE7-9356-F44B56987D8E}.AppStore|iPhone.ActiveCfg = Release|x86
		{1B78E3FD-D6D5-4EE7-9356-F44B56987D8E}.AppStore|iPhone.Build.0 = Release|x86
		{1B78E3FD-D6D5-4EE7-9356-F44B56987D8E}.AppStore|iPhone.Deploy.0 = Release|x86
		{1B78E3FD-D6D5-4EE7-9356-F44B56987D8E}.AppStore|iPhoneSimulator.ActiveCfg = Release|x86
		{1B78E3FD-D6D5-4EE7-9356-F44B56987D8E}.AppStore|iPhoneSimulator.Build.0 = Release|x86
		{1B78E3FD-D6D5-4EE7-9356-F44B56987D8E}.AppStore|iPhoneSimulator.Deploy.0 = Release|x86
		{1B78E3FD-D6D5-4EE7-9356-F44B56987D8E}.AppStore|x64.ActiveCfg = Release|x64
		{1B78E3FD-D6D5-4EE7-9356-F44B56987D8E}.AppStore|x64.Build.0 = Release|x64
		{1B78E3FD-D6D5-4EE7-9356-F44B56987D8E}.AppStore|x64.Deploy.0 = Release|x64
		{1B78E3FD-D6D5-4EE7-9356-F44B56987D8E}.AppStore|x86.ActiveCfg = Release|x86
		{1B78E3FD-D6D5-4EE7-9356-F44B56987D8E}.AppStore|x86.Build.0 = Release|x86
		{1B78E3FD-D6D5-4EE7-9356-F44B56987D8E}.AppStore|x86.Deploy.0 = Release|x86
		{1B78E3FD-D6D5-4EE7-9356-F44B56987D8E}.Debug|Any CPU.ActiveCfg = Debug|x86
		{1B78E3FD-D6D5-4EE7-9356-F44B56987D8E}.Debug|ARM.ActiveCfg = Debug|ARM
		{1B78E3FD-D6D5-4EE7-9356-F44B56987D8E}.Debug|ARM.Build.0 = Debug|ARM
		{1B78E3FD-D6D5-4EE7-9356-F44B56987D8E}.Debug|ARM.Deploy.0 = Debug|ARM
		{1B78E3FD-D6D5-4EE7-9356-F44B56987D8E}.Debug|iPhone.ActiveCfg = Debug|x86
		{1B78E3FD-D6D5-4EE7-9356-F44B56987D8E}.Debug|iPhoneSimulator.ActiveCfg = Debug|x86
		{1B78E3FD-D6D5-4EE7-9356-F44B56987D8E}.Debug|x64.ActiveCfg = Debug|x64
		{1B78E3FD-D6D5-4EE7-9356-F44B56987D8E}.Debug|x64.Build.0 = Debug|x64
		{1B78E3FD-D6D5-4EE7-9356-F44B56987D8E}.Debug|x64.Deploy.0 = Debug|x64
		{1B78E3FD-D6D5-4EE7-9356-F44B56987D8E}.Debug|x86.ActiveCfg = Debug|x86
		{1B78E3FD-D6D5-4EE7-9356-F44B56987D8E}.Debug|x86.Build.0 = Debug|x86
		{1B78E3FD-D6D5-4EE7-9356-F44B56987D8E}.Debug|x86.Deploy.0 = Debug|x86
		{1B78E3FD-D6D5-4EE7-9356-F44B56987D8E}.Release|Any CPU.ActiveCfg = Release|x86
		{1B78E3FD-D6D5-4EE7-9356-F44B56987D8E}.Release|ARM.ActiveCfg = Release|ARM
		{1B78E3FD-D6D5-4EE7-9356-F44B56987D8E}.Release|ARM.Build.0 = Release|ARM
		{1B78E3FD-D6D5-4EE7-9356-F44B56987D8E}.Release|ARM.Deploy.0 = Release|ARM
		{1B78E3FD-D6D5-4EE7-9356-F44B56987D8E}.Release|iPhone.ActiveCfg = Release|x86
		{1B78E3FD-D6D5-4EE7-9356-F44B56987D8E}.Release|iPhoneSimulator.ActiveCfg = Release|x86
		{1B78E3FD-D6D5-4EE7-9356-F44B56987D8E}.Release|x64.ActiveCfg = Release|x64
		{1B78E3FD-D6D5-4EE7-9356-F44B56987D8E}.Release|x64.Build.0 = Release|x64
		{1B78E3FD-D6D5-4EE7-9356-F44B56987D8E}.Release|x64.Deploy.0 = Release|x64
		{1B78E3FD-D6D5-4EE7-9356-F44B56987D8E}.Release|x86.ActiveCfg = Release|x86
		{1B78E3FD-D6D5-4EE7-9356-F44B56987D8E}.Release|x86.Build.0 = Release|x86
		{1B78E3FD-D6D5-4EE7-9356-F44B56987D8E}.Release|x86.Deploy.0 = Release|x86
		{20FDA6ED-B68E-4610-807B-F358668F181E}.Ad-Hoc|Any CPU.ActiveCfg = Release|Any CPU
		{20FDA6ED-B68E-4610-807B-F358668F181E}.Ad-Hoc|Any CPU.Build.0 = Release|Any CPU
		{20FDA6ED-B68E-4610-807B-F358668F181E}.Ad-Hoc|Any CPU.Deploy.0 = Release|Any CPU
		{20FDA6ED-B68E-4610-807B-F358668F181E}.Ad-Hoc|ARM.ActiveCfg = Release|Any CPU
		{20FDA6ED-B68E-4610-807B-F358668F181E}.Ad-Hoc|ARM.Build.0 = Release|Any CPU
		{20FDA6ED-B68E-4610-807B-F358668F181E}.Ad-Hoc|ARM.Deploy.0 = Release|Any CPU
		{20FDA6ED-B68E-4610-807B-F358668F181E}.Ad-Hoc|iPhone.ActiveCfg = Release|Any CPU
		{20FDA6ED-B68E-4610-807B-F358668F181E}.Ad-Hoc|iPhone.Build.0 = Release|Any CPU
		{20FDA6ED-B68E-4610-807B-F358668F181E}.Ad-Hoc|iPhone.Deploy.0 = Release|Any CPU
		{20FDA6ED-B68E-4610-807B-F358668F181E}.Ad-Hoc|iPhoneSimulator.ActiveCfg = Release|Any CPU
		{20FDA6ED-B68E-4610-807B-F358668F181E}.Ad-Hoc|iPhoneSimulator.Build.0 = Release|Any CPU
		{20FDA6ED-B68E-4610-807B-F358668F181E}.Ad-Hoc|iPhoneSimulator.Deploy.0 = Release|Any CPU
		{20FDA6ED-B68E-4610-807B-F358668F181E}.Ad-Hoc|x64.ActiveCfg = Release|Any CPU
		{20FDA6ED-B68E-4610-807B-F358668F181E}.Ad-Hoc|x64.Build.0 = Release|Any CPU
		{20FDA6ED-B68E-4610-807B-F358668F181E}.Ad-Hoc|x64.Deploy.0 = Release|Any CPU
		{20FDA6ED-B68E-4610-807B-F358668F181E}.Ad-Hoc|x86.ActiveCfg = Release|Any CPU
		{20FDA6ED-B68E-4610-807B-F358668F181E}.Ad-Hoc|x86.Build.0 = Release|Any CPU
		{20FDA6ED-B68E-4610-807B-F358668F181E}.Ad-Hoc|x86.Deploy.0 = Release|Any CPU
		{20FDA6ED-B68E-4610-807B-F358668F181E}.AppStore|Any CPU.ActiveCfg = Release|Any CPU
		{20FDA6ED-B68E-4610-807B-F358668F181E}.AppStore|Any CPU.Build.0 = Release|Any CPU
		{20FDA6ED-B68E-4610-807B-F358668F181E}.AppStore|Any CPU.Deploy.0 = Release|Any CPU
		{20FDA6ED-B68E-4610-807B-F358668F181E}.AppStore|ARM.ActiveCfg = Release|Any CPU
		{20FDA6ED-B68E-4610-807B-F358668F181E}.AppStore|ARM.Build.0 = Release|Any CPU
		{20FDA6ED-B68E-4610-807B-F358668F181E}.AppStore|ARM.Deploy.0 = Release|Any CPU
		{20FDA6ED-B68E-4610-807B-F358668F181E}.AppStore|iPhone.ActiveCfg = Release|Any CPU
		{20FDA6ED-B68E-4610-807B-F358668F181E}.AppStore|iPhone.Build.0 = Release|Any CPU
		{20FDA6ED-B68E-4610-807B-F358668F181E}.AppStore|iPhone.Deploy.0 = Release|Any CPU
		{20FDA6ED-B68E-4610-807B-F358668F181E}.AppStore|iPhoneSimulator.ActiveCfg = Release|Any CPU
		{20FDA6ED-B68E-4610-807B-F358668F181E}.AppStore|iPhoneSimulator.Build.0 = Release|Any CPU
		{20FDA6ED-B68E-4610-807B-F358668F181E}.AppStore|iPhoneSimulator.Deploy.0 = Release|Any CPU
		{20FDA6ED-B68E-4610-807B-F358668F181E}.AppStore|x64.ActiveCfg = Release|Any CPU
		{20FDA6ED-B68E-4610-807B-F358668F181E}.AppStore|x64.Build.0 = Release|Any CPU
		{20FDA6ED-B68E-4610-807B-F358668F181E}.AppStore|x64.Deploy.0 = Release|Any CPU
		{20FDA6ED-B68E-4610-807B-F358668F181E}.AppStore|x86.ActiveCfg = Release|Any CPU
		{20FDA6ED-B68E-4610-807B-F358668F181E}.AppStore|x86.Build.0 = Release|Any CPU
		{20FDA6ED-B68E-4610-807B-F358668F181E}.AppStore|x86.Deploy.0 = Release|Any CPU
		{20FDA6ED-B68E-4610-807B-F358668F181E}.Debug|Any CPU.ActiveCfg = Debug|Any CPU
		{20FDA6ED-B68E-4610-807B-F358668F181E}.Debug|Any CPU.Build.0 = Debug|Any CPU
		{20FDA6ED-B68E-4610-807B-F358668F181E}.Debug|Any CPU.Deploy.0 = Debug|Any CPU
		{20FDA6ED-B68E-4610-807B-F358668F181E}.Debug|ARM.ActiveCfg = Debug|Any CPU
		{20FDA6ED-B68E-4610-807B-F358668F181E}.Debug|ARM.Build.0 = Debug|Any CPU
		{20FDA6ED-B68E-4610-807B-F358668F181E}.Debug|ARM.Deploy.0 = Debug|Any CPU
		{20FDA6ED-B68E-4610-807B-F358668F181E}.Debug|iPhone.ActiveCfg = Debug|Any CPU
		{20FDA6ED-B68E-4610-807B-F358668F181E}.Debug|iPhone.Build.0 = Debug|Any CPU
		{20FDA6ED-B68E-4610-807B-F358668F181E}.Debug|iPhone.Deploy.0 = Debug|Any CPU
		{20FDA6ED-B68E-4610-807B-F358668F181E}.Debug|iPhoneSimulator.ActiveCfg = Debug|Any CPU
		{20FDA6ED-B68E-4610-807B-F358668F181E}.Debug|iPhoneSimulator.Build.0 = Debug|Any CPU
		{20FDA6ED-B68E-4610-807B-F358668F181E}.Debug|iPhoneSimulator.Deploy.0 = Debug|Any CPU
		{20FDA6ED-B68E-4610-807B-F358668F181E}.Debug|x64.ActiveCfg = Debug|Any CPU
		{20FDA6ED-B68E-4610-807B-F358668F181E}.Debug|x64.Build.0 = Debug|Any CPU
		{20FDA6ED-B68E-4610-807B-F358668F181E}.Debug|x64.Deploy.0 = Debug|Any CPU
		{20FDA6ED-B68E-4610-807B-F358668F181E}.Debug|x86.ActiveCfg = Debug|Any CPU
		{20FDA6ED-B68E-4610-807B-F358668F181E}.Debug|x86.Build.0 = Debug|Any CPU
		{20FDA6ED-B68E-4610-807B-F358668F181E}.Debug|x86.Deploy.0 = Debug|Any CPU
		{20FDA6ED-B68E-4610-807B-F358668F181E}.Release|Any CPU.ActiveCfg = Release|Any CPU
		{20FDA6ED-B68E-4610-807B-F358668F181E}.Release|Any CPU.Build.0 = Release|Any CPU
		{20FDA6ED-B68E-4610-807B-F358668F181E}.Release|Any CPU.Deploy.0 = Release|Any CPU
		{20FDA6ED-B68E-4610-807B-F358668F181E}.Release|ARM.ActiveCfg = Release|Any CPU
		{20FDA6ED-B68E-4610-807B-F358668F181E}.Release|ARM.Build.0 = Release|Any CPU
		{20FDA6ED-B68E-4610-807B-F358668F181E}.Release|ARM.Deploy.0 = Release|Any CPU
		{20FDA6ED-B68E-4610-807B-F358668F181E}.Release|iPhone.ActiveCfg = Release|Any CPU
		{20FDA6ED-B68E-4610-807B-F358668F181E}.Release|iPhone.Build.0 = Release|Any CPU
		{20FDA6ED-B68E-4610-807B-F358668F181E}.Release|iPhone.Deploy.0 = Release|Any CPU
		{20FDA6ED-B68E-4610-807B-F358668F181E}.Release|iPhoneSimulator.ActiveCfg = Release|Any CPU
		{20FDA6ED-B68E-4610-807B-F358668F181E}.Release|iPhoneSimulator.Build.0 = Release|Any CPU
		{20FDA6ED-B68E-4610-807B-F358668F181E}.Release|iPhoneSimulator.Deploy.0 = Release|Any CPU
		{20FDA6ED-B68E-4610-807B-F358668F181E}.Release|x64.ActiveCfg = Release|Any CPU
		{20FDA6ED-B68E-4610-807B-F358668F181E}.Release|x64.Build.0 = Release|Any CPU
		{20FDA6ED-B68E-4610-807B-F358668F181E}.Release|x64.Deploy.0 = Release|Any CPU
		{20FDA6ED-B68E-4610-807B-F358668F181E}.Release|x86.ActiveCfg = Release|Any CPU
		{20FDA6ED-B68E-4610-807B-F358668F181E}.Release|x86.Build.0 = Release|Any CPU
		{20FDA6ED-B68E-4610-807B-F358668F181E}.Release|x86.Deploy.0 = Release|Any CPU
		{B445DF73-AC9E-4276-9FBA-7CB5AD5D2518}.Ad-Hoc|Any CPU.ActiveCfg = Release|Any CPU
		{B445DF73-AC9E-4276-9FBA-7CB5AD5D2518}.Ad-Hoc|Any CPU.Build.0 = Release|Any CPU
		{B445DF73-AC9E-4276-9FBA-7CB5AD5D2518}.Ad-Hoc|ARM.ActiveCfg = Release|Any CPU
		{B445DF73-AC9E-4276-9FBA-7CB5AD5D2518}.Ad-Hoc|ARM.Build.0 = Release|Any CPU
		{B445DF73-AC9E-4276-9FBA-7CB5AD5D2518}.Ad-Hoc|iPhone.ActiveCfg = Release|Any CPU
		{B445DF73-AC9E-4276-9FBA-7CB5AD5D2518}.Ad-Hoc|iPhone.Build.0 = Release|Any CPU
		{B445DF73-AC9E-4276-9FBA-7CB5AD5D2518}.Ad-Hoc|iPhoneSimulator.ActiveCfg = Release|Any CPU
		{B445DF73-AC9E-4276-9FBA-7CB5AD5D2518}.Ad-Hoc|iPhoneSimulator.Build.0 = Release|Any CPU
		{B445DF73-AC9E-4276-9FBA-7CB5AD5D2518}.Ad-Hoc|x64.ActiveCfg = Release|Any CPU
		{B445DF73-AC9E-4276-9FBA-7CB5AD5D2518}.Ad-Hoc|x64.Build.0 = Release|Any CPU
		{B445DF73-AC9E-4276-9FBA-7CB5AD5D2518}.Ad-Hoc|x86.ActiveCfg = Release|Any CPU
		{B445DF73-AC9E-4276-9FBA-7CB5AD5D2518}.Ad-Hoc|x86.Build.0 = Release|Any CPU
		{B445DF73-AC9E-4276-9FBA-7CB5AD5D2518}.AppStore|Any CPU.ActiveCfg = Release|Any CPU
		{B445DF73-AC9E-4276-9FBA-7CB5AD5D2518}.AppStore|Any CPU.Build.0 = Release|Any CPU
		{B445DF73-AC9E-4276-9FBA-7CB5AD5D2518}.AppStore|ARM.ActiveCfg = Release|Any CPU
		{B445DF73-AC9E-4276-9FBA-7CB5AD5D2518}.AppStore|ARM.Build.0 = Release|Any CPU
		{B445DF73-AC9E-4276-9FBA-7CB5AD5D2518}.AppStore|iPhone.ActiveCfg = Release|Any CPU
		{B445DF73-AC9E-4276-9FBA-7CB5AD5D2518}.AppStore|iPhone.Build.0 = Release|Any CPU
		{B445DF73-AC9E-4276-9FBA-7CB5AD5D2518}.AppStore|iPhoneSimulator.ActiveCfg = Release|Any CPU
		{B445DF73-AC9E-4276-9FBA-7CB5AD5D2518}.AppStore|iPhoneSimulator.Build.0 = Release|Any CPU
		{B445DF73-AC9E-4276-9FBA-7CB5AD5D2518}.AppStore|x64.ActiveCfg = Release|Any CPU
		{B445DF73-AC9E-4276-9FBA-7CB5AD5D2518}.AppStore|x64.Build.0 = Release|Any CPU
		{B445DF73-AC9E-4276-9FBA-7CB5AD5D2518}.AppStore|x86.ActiveCfg = Release|Any CPU
		{B445DF73-AC9E-4276-9FBA-7CB5AD5D2518}.AppStore|x86.Build.0 = Release|Any CPU
		{B445DF73-AC9E-4276-9FBA-7CB5AD5D2518}.Debug|Any CPU.ActiveCfg = Debug|Any CPU
		{B445DF73-AC9E-4276-9FBA-7CB5AD5D2518}.Debug|Any CPU.Build.0 = Debug|Any CPU
		{B445DF73-AC9E-4276-9FBA-7CB5AD5D2518}.Debug|ARM.ActiveCfg = Debug|Any CPU
		{B445DF73-AC9E-4276-9FBA-7CB5AD5D2518}.Debug|ARM.Build.0 = Debug|Any CPU
		{B445DF73-AC9E-4276-9FBA-7CB5AD5D2518}.Debug|iPhone.ActiveCfg = Debug|Any CPU
		{B445DF73-AC9E-4276-9FBA-7CB5AD5D2518}.Debug|iPhone.Build.0 = Debug|Any CPU
		{B445DF73-AC9E-4276-9FBA-7CB5AD5D2518}.Debug|iPhoneSimulator.ActiveCfg = Debug|Any CPU
		{B445DF73-AC9E-4276-9FBA-7CB5AD5D2518}.Debug|iPhoneSimulator.Build.0 = Debug|Any CPU
		{B445DF73-AC9E-4276-9FBA-7CB5AD5D2518}.Debug|x64.ActiveCfg = Debug|Any CPU
		{B445DF73-AC9E-4276-9FBA-7CB5AD5D2518}.Debug|x64.Build.0 = Debug|Any CPU
		{B445DF73-AC9E-4276-9FBA-7CB5AD5D2518}.Debug|x86.ActiveCfg = Debug|Any CPU
		{B445DF73-AC9E-4276-9FBA-7CB5AD5D2518}.Debug|x86.Build.0 = Debug|Any CPU
		{B445DF73-AC9E-4276-9FBA-7CB5AD5D2518}.Release|Any CPU.ActiveCfg = Release|Any CPU
		{B445DF73-AC9E-4276-9FBA-7CB5AD5D2518}.Release|Any CPU.Build.0 = Release|Any CPU
		{B445DF73-AC9E-4276-9FBA-7CB5AD5D2518}.Release|ARM.ActiveCfg = Release|Any CPU
		{B445DF73-AC9E-4276-9FBA-7CB5AD5D2518}.Release|ARM.Build.0 = Release|Any CPU
		{B445DF73-AC9E-4276-9FBA-7CB5AD5D2518}.Release|iPhone.ActiveCfg = Release|Any CPU
		{B445DF73-AC9E-4276-9FBA-7CB5AD5D2518}.Release|iPhone.Build.0 = Release|Any CPU
		{B445DF73-AC9E-4276-9FBA-7CB5AD5D2518}.Release|iPhoneSimulator.ActiveCfg = Release|Any CPU
		{B445DF73-AC9E-4276-9FBA-7CB5AD5D2518}.Release|iPhoneSimulator.Build.0 = Release|Any CPU
		{B445DF73-AC9E-4276-9FBA-7CB5AD5D2518}.Release|x64.ActiveCfg = Release|Any CPU
		{B445DF73-AC9E-4276-9FBA-7CB5AD5D2518}.Release|x64.Build.0 = Release|Any CPU
		{B445DF73-AC9E-4276-9FBA-7CB5AD5D2518}.Release|x86.ActiveCfg = Release|Any CPU
		{B445DF73-AC9E-4276-9FBA-7CB5AD5D2518}.Release|x86.Build.0 = Release|Any CPU
	EndGlobalSection
	GlobalSection(SolutionProperties) = preSolution
		HideSolutionNode = FALSE
	EndGlobalSection
	GlobalSection(ExtensibilityGlobals) = postSolution
		SolutionGuid = {F6D05029-56B8-4E45-AF2D-0E76295DDBA2}
	EndGlobalSection
EndGlobal
