
Microsoft Visual Studio Solution File, Format Version 12.00
# Visual Studio 15
VisualStudioVersion = 15.0.27130.2036
MinimumVisualStudioVersion = 10.0.40219.1
Project("{FAE04EC0-301F-11D3-BF4B-00C04F79EFBC}") = "MooV.UWP", "MooV\MooV.UWP\MooV.UWP.csproj", "{1B78E3FD-D6D5-4EE7-9356-F44B56987D8E}"
EndProject
Project("{D954291E-2A0B-460D-934E-DC6B0785DB48}") = "MooV", "MooV\MooV\MooV.shproj", "{2C29F680-5411-41BB-8437-D166E0D0276F}"
EndProject
Global
	GlobalSection(SharedMSBuildProjectFiles) = preSolution
		MooV\MooV\MooV.projitems*{1b78e3fd-d6d5-4ee7-9356-f44b56987d8e}*SharedItemsImports = 4
		MooV\MooV\MooV.projitems*{2c29f680-5411-41bb-8437-d166e0d0276f}*SharedItemsImports = 13
	EndGlobalSection
	GlobalSection(SolutionConfigurationPlatforms) = preSolution
		Debug|ARM = Debug|ARM
		Debug|x64 = Debug|x64
		Debug|x86 = Debug|x86
		Release|ARM = Release|ARM
		Release|x64 = Release|x64
		Release|x86 = Release|x86
	EndGlobalSection
	GlobalSection(ProjectConfigurationPlatforms) = postSolution
		{1B78E3FD-D6D5-4EE7-9356-F44B56987D8E}.Debug|ARM.ActiveCfg = Debug|ARM
		{1B78E3FD-D6D5-4EE7-9356-F44B56987D8E}.Debug|ARM.Build.0 = Debug|ARM
		{1B78E3FD-D6D5-4EE7-9356-F44B56987D8E}.Debug|ARM.Deploy.0 = Debug|ARM
		{1B78E3FD-D6D5-4EE7-9356-F44B56987D8E}.Debug|x64.ActiveCfg = Debug|x64
		{1B78E3FD-D6D5-4EE7-9356-F44B56987D8E}.Debug|x64.Build.0 = Debug|x64
		{1B78E3FD-D6D5-4EE7-9356-F44B56987D8E}.Debug|x64.Deploy.0 = Debug|x64
		{1B78E3FD-D6D5-4EE7-9356-F44B56987D8E}.Debug|x86.ActiveCfg = Debug|x86
		{1B78E3FD-D6D5-4EE7-9356-F44B56987D8E}.Debug|x86.Build.0 = Debug|x86
		{1B78E3FD-D6D5-4EE7-9356-F44B56987D8E}.Debug|x86.Deploy.0 = Debug|x86
		{1B78E3FD-D6D5-4EE7-9356-F44B56987D8E}.Release|ARM.ActiveCfg = Release|ARM
		{1B78E3FD-D6D5-4EE7-9356-F44B56987D8E}.Release|ARM.Build.0 = Release|ARM
		{1B78E3FD-D6D5-4EE7-9356-F44B56987D8E}.Release|ARM.Deploy.0 = Release|ARM
		{1B78E3FD-D6D5-4EE7-9356-F44B56987D8E}.Release|x64.ActiveCfg = Release|x64
		{1B78E3FD-D6D5-4EE7-9356-F44B56987D8E}.Release|x64.Build.0 = Release|x64
		{1B78E3FD-D6D5-4EE7-9356-F44B56987D8E}.Release|x64.Deploy.0 = Release|x64
		{1B78E3FD-D6D5-4EE7-9356-F44B56987D8E}.Release|x86.ActiveCfg = Release|x86
		{1B78E3FD-D6D5-4EE7-9356-F44B56987D8E}.Release|x86.Build.0 = Release|x86
		{1B78E3FD-D6D5-4EE7-9356-F44B56987D8E}.Release|x86.Deploy.0 = Release|x86
	EndGlobalSection
	GlobalSection(SolutionProperties) = preSolution
		HideSolutionNode = FALSE
	EndGlobalSection
	GlobalSection(ExtensibilityGlobals) = postSolution
		SolutionGuid = {78E8A89F-997A-405D-97BC-B11DB8B4AD26}
	EndGlobalSection
EndGlobal
